Microsoft Visual Studio Solution File, Format Version 11.00
# Visual Studio 2008

Project("{4DB2664D-ADA1-0E56-44C5-97E372E0F09B}") = "Side Scroller", "Assembly-CSharp-firstpass-vs.csproj", "{1C316E09-23FF-B391-738B-AB8FAAA69DAF}"
EndProject
Project("{4DB2664D-ADA1-0E56-44C5-97E372E0F09B}") = "Side Scroller", "Assembly-CSharp-vs.csproj", "{829DE2C0-6D08-37B9-B9DB-9CDBE7F3A275}"
EndProject
Global
	GlobalSection(SolutionConfigurationPlatforms) = preSolution
		Debug|Any CPU = Debug|Any CPU
		Release|Any CPU = Release|Any CPU
	EndGlobalSection
	GlobalSection(ProjectConfigurationPlatforms) = postSolution
		{1C316E09-23FF-B391-738B-AB8FAAA69DAF}.Debug|Any CPU.ActiveCfg = Debug|Any CPU
		{1C316E09-23FF-B391-738B-AB8FAAA69DAF}.Debug|Any CPU.Build.0 = Debug|Any CPU
		{1C316E09-23FF-B391-738B-AB8FAAA69DAF}.Release|Any CPU.ActiveCfg = Release|Any CPU
		{1C316E09-23FF-B391-738B-AB8FAAA69DAF}.Release|Any CPU.Build.0 = Release|Any CPU
		{829DE2C0-6D08-37B9-B9DB-9CDBE7F3A275}.Debug|Any CPU.ActiveCfg = Debug|Any CPU
		{829DE2C0-6D08-37B9-B9DB-9CDBE7F3A275}.Debug|Any CPU.Build.0 = Debug|Any CPU
		{829DE2C0-6D08-37B9-B9DB-9CDBE7F3A275}.Release|Any CPU.ActiveCfg = Release|Any CPU
		{829DE2C0-6D08-37B9-B9DB-9CDBE7F3A275}.Release|Any CPU.Build.0 = Release|Any CPU
	EndGlobalSection
	GlobalSection(SolutionProperties) = preSolution
		HideSolutionNode = FALSE
	EndGlobalSection
																GlobalSection(MonoDevelopProperties) = preSolution
		StartupItem = Assembly-CSharp.csproj
		Policies = $0
		$0.TextStylePolicy = $1
		$1.inheritsSet = null
		$1.scope = text/x-csharp
		$0.CSharpFormattingPolicy = $2
		$2.inheritsSet = Mono
		$2.inheritsScope = text/x-csharp
		$2.scope = text/x-csharp
		$0.TextStylePolicy = $3
		$3.FileWidth = 120
		$3.TabWidth = 4
		$3.EolMarker = Unix
		$3.inheritsSet = Mono
		$3.inheritsScope = text/plain
		$3.scope = text/plain
	EndGlobalSection

EndGlobal
